# THIS IS AN AUTOGENERATED FILE. DO NOT EDIT THIS FILE DIRECTLY.
# yarn lockfile v1


bootstrap-colorpicker@^2.5.1:
  version "2.5.3"
  resolved "https://registry.yarnpkg.com/bootstrap-colorpicker/-/bootstrap-colorpicker-2.5.3.tgz#b50aff8590fbaa6b5aa63a5624e4213f1659a49d"
  integrity sha512-xdllX8LSMvKULs3b8JrgRXTvyvjkSMHHHVuHjjN5FNMqr6kRe5NPiMHFmeAFjlgDF73MspikudLuEwR28LbzLw==
  dependencies:
    jquery ">=1.10"

bootstrap-datepicker@^1.7.0:
  version "1.9.0"
  resolved "https://registry.yarnpkg.com/bootstrap-datepicker/-/bootstrap-datepicker-1.9.0.tgz#e4bfce3fcce1967876b21dc6833ec5994aaed090"
  integrity sha512-9rYYbaVOheGYxjOr/+bJCmRPihfy+LkLSg4fIFMT9Od8WwWB/MB50w0JO1eBgKUMbb7PFHQD5uAfI3ArAxZRXA==
  dependencies:
    jquery ">=1.7.1 <4.0.0"

bootstrap-daterangepicker@^2.1.25:
  version "2.1.30"
  resolved "https://registry.yarnpkg.com/bootstrap-daterangepicker/-/bootstrap-daterangepicker-2.1.30.tgz#f893dbfff5a4d7dfaab75460e8ea6969bb89689a"
  integrity sha1-+JPb//Wk19+qt1Rg6OppabuJaJo=
  dependencies:
    jquery ">=1.10"
    moment "^2.9.0"

bootstrap-slider@*:
  version "11.0.2"
  resolved "https://registry.yarnpkg.com/bootstrap-slider/-/bootstrap-slider-11.0.2.tgz#4b167c165f322339cc66f0c7166b5a39e289e251"
  integrity sha512-CdwS+Z6X79OkLes9RfDgPB9UIY/+81wTkm6ktdSB6hdyiRbjJLFQIjZdnEr55tDyXZfgC7U6yeSXkNN9ZdGqjA==

bootstrap-timepicker@^0.5.2:
  version "0.5.2"
  resolved "https://registry.yarnpkg.com/bootstrap-timepicker/-/bootstrap-timepicker-0.5.2.tgz#10ed9f2a2f0b8ccaefcde0fcf6a0738b919a3835"
  integrity sha1-EO2fKi8LjMrvzeD89qBzi5GaODU=

bootstrap@^3.3.7:
  version "3.4.1"
  resolved "https://registry.yarnpkg.com/bootstrap/-/bootstrap-3.4.1.tgz#c3a347d419e289ad11f4033e3c4132b87c081d72"
  integrity sha512-yN5oZVmRCwe5aKwzRj6736nSmKDX7pLYwsXiCj/EYmo16hODaBiT4En5btW/jhBF/seV+XMx3aYwukYC3A49DA==

ckeditor@^4.7.0:
  version "4.12.1"
  resolved "https://registry.yarnpkg.com/ckeditor/-/ckeditor-4.12.1.tgz#954a7b028dd611e44ba51cc7c2fe051cf1052186"
  integrity sha512-pH2Su4oi0D4iN/3U8nUcwI7/lXHoOJi0aiN8e2zxnm4Ow5kq8eZP2ZGmpYyuqRyKZ2tHaU8+OyYi7laXcjiq9Q==

datatables.net-bs@^2.1.1:
  version "2.1.1"
  resolved "https://registry.yarnpkg.com/datatables.net-bs/-/datatables.net-bs-2.1.1.tgz#704108972891949d094bf44f53d0654d9fee7bce"
  integrity sha1-cEEIlyiRlJ0JS/RPU9BlTZ/ue84=
  dependencies:
    datatables.net ">=1.10.9"
    jquery ">=1.7"

datatables.net@>=1.10.9, datatables.net@^1.10.15:
  version "1.10.21"
  resolved "https://registry.yarnpkg.com/datatables.net/-/datatables.net-1.10.21.tgz#f1d35c8e5c3eb7f5caef39e80cd5b836a8c77103"
  integrity sha512-/bSZtxmf3GTpYcvEmwZ8q26I1yhSx8qklR2B+s1K8+/51UW/zc2zTYwJMqr/Z+iCYixAc00ildj4g2x0Qamolw==
  dependencies:
    jquery ">=1.7"

fastclick@^1.0.6:
  version "1.0.6"
  resolved "https://registry.yarnpkg.com/fastclick/-/fastclick-1.0.6.tgz#161625b27b1a5806405936bda9a2c1926d06be6a"
  integrity sha1-FhYlsnsaWAZAWTa9qaLBkm0Gvmo=

font-awesome@^4.7.0:
  version "4.7.0"
  resolved "https://registry.yarnpkg.com/font-awesome/-/font-awesome-4.7.0.tgz#8fa8cf0411a1a31afd07b06d2902bb9fc815a133"
  integrity sha1-j6jPBBGhoxr9B7BtKQK7n8gVoTM=

fullcalendar@^3.4.0:
  version "3.10.2"
  resolved "https://registry.yarnpkg.com/fullcalendar/-/fullcalendar-3.10.2.tgz#9b1ba84bb02803621b761d1bba91a4f18affafb7"
  integrity sha512-YWZaHdp8ZLBqhPz615PoXdA49ymsBTUF+MGDM6H3vyz71Pv/ZW9Pm9/Mj3x6n822k6bs2txFO7muRTSvBhsqKg==

inputmask@jquery.inputmask#^3.3.7:
  version "3.3.7"
  resolved "https://registry.yarnpkg.com/inputmask/-/inputmask-3.3.7.tgz#4fbe01d3ec4e51f15a915aa90d7348e81f521c15"
  integrity sha512-uRnLRFMlDTMvBB59L0n55wB8KbQbj2xTaajDeg4bVBCdwwjhwac0o7t0wXDefIxTIacu3KN3Me+Ft7VcJ9b15Q==

jquery-knob@^1.2.13:
  version "1.2.11"
  resolved "https://registry.yarnpkg.com/jquery-knob/-/jquery-knob-1.2.11.tgz#f37c39dbc1c7a6a6c12cdb2ed4f6bffb683f10d6"
  integrity sha1-83w528HHpqbBLNsu1Pa/+2g/ENY=

jquery-slimscroll@slimscroll#^1.3.8:
  version "1.3.8"
  resolved "https://registry.yarnpkg.com/jquery-slimscroll/-/jquery-slimscroll-1.3.8.tgz#8481c44e7a47687653908a28f7f70aed64c84e36"
  integrity sha1-hIHETnpHaHZTkIoo9/cK7WTITjY=
  dependencies:
    jquery ">= 1.7"

jquery-sparkline@^2.1.3:
  version "2.4.0"
  resolved "https://registry.yarnpkg.com/jquery-sparkline/-/jquery-sparkline-2.4.0.tgz#1be8b7b704dd3857152708aefb1d4a4b3a69fb33"
  integrity sha1-G+i3twTdOFcVJwiu+x1KSzpp+zM=

jquery-ui@1.11.4:
  version "1.12.1"
  resolved "https://registry.yarnpkg.com/jquery-ui/-/jquery-ui-1.12.1.tgz#bcb4045c8dd0539c134bc1488cdd3e768a7a9e51"
  integrity sha1-vLQEXI3QU5wTS8FIjN0+dop6nlE=

"jquery@>= 1.7", jquery@>=1.10, jquery@>=1.5, jquery@>=1.7, "jquery@>=1.7.1 <4.0.0", jquery@^3.2.1:
  version "3.5.1"
  resolved "https://registry.yarnpkg.com/jquery/-/jquery-3.5.1.tgz#d7b4d08e1bfdb86ad2f1a3d039ea17304717abb5"
  integrity sha512-XwIBPqcMn57FxfT+Go5pzySnm4KWkT1Tv7gjrpT1srtf8Weynl6R273VJ5GjkRb51IzMp5nbaPjJXMWeju2MKg==

jvectormap@^1.2.2:
  version "1.2.2"
  resolved "https://registry.yarnpkg.com/jvectormap/-/jvectormap-1.2.2.tgz#2e4408b24a60473ff106c1e7243e375ae5ca85da"
  integrity sha1-LkQIskpgRz/xBsHnJD43WuXKhdo=
  dependencies:
    jquery ">=1.5"

moment@^2.18.1, moment@^2.9.0:
  version "2.27.0"
  resolved "https://registry.yarnpkg.com/moment/-/moment-2.27.0.tgz#8bff4e3e26a236220dfe3e36de756b6ebaa0105d"
  integrity sha512-al0MUK7cpIcglMv3YF13qSgdAIqxHTO7brRtaz3DlSULbqfazqkc5kEjNrLDOM7fsjshoFIihnU8snrP7zUvhQ==

morris.js@^0.5.1:
  version "0.5.0"
  resolved "https://registry.yarnpkg.com/morris.js/-/morris.js-0.5.0.tgz#725767135cfae059aae75999bb2ce6a1c5d1b44b"
  integrity sha1-cldnE1z64Fmq51mZuyzmocXRtEs=

select2@^4.0.3:
  version "4.0.13"
  resolved "https://registry.yarnpkg.com/select2/-/select2-4.0.13.tgz#0dbe377df3f96167c4c1626033e924372d8ef44d"
  integrity sha512-1JeB87s6oN/TDxQQYCvS5EFoQyvV6eYMZZ0AeA4tdFDYWN3BAGZ8npr17UBFddU0lgAt3H0yjX3X6/ekOj1yjw==
